
Microsoft Visual Studio Solution File, Format Version 12.00
# Visual Studio Version 17
VisualStudioVersion = 17.11.35219.272
MinimumVisualStudioVersion = 10.0.40219.1
Project("{FAE04EC0-301F-11D3-BF4B-00C04F79EFBC}") = "Formula1App", "Formula1App\Formula1App.csproj", "{8E4DC4C1-E282-4C4E-88FA-7A0A8AF780CA}"
EndProject
Global
	GlobalSection(SolutionConfigurationPlatforms) = preSolution
		Debug|Any CPU = Debug|Any CPU
		Release|Any CPU = Release|Any CPU
	EndGlobalSection
	GlobalSection(ProjectConfigurationPlatforms) = postSolution
		{8E4DC4C1-E282-4C4E-88FA-7A0A8AF780CA}.Debug|Any CPU.ActiveCfg = Debug|Any CPU
		{8E4DC4C1-E282-4C4E-88FA-7A0A8AF780CA}.Debug|Any CPU.Build.0 = Debug|Any CPU
		{8E4DC4C1-E282-4C4E-88FA-7A0A8AF780CA}.Debug|Any CPU.Deploy.0 = Debug|Any CPU
		{8E4DC4C1-E282-4C4E-88FA-7A0A8AF780CA}.Release|Any CPU.ActiveCfg = Release|Any CPU
		{8E4DC4C1-E282-4C4E-88FA-7A0A8AF780CA}.Release|Any CPU.Build.0 = Release|Any CPU
		{8E4DC4C1-E282-4C4E-88FA-7A0A8AF780CA}.Release|Any CPU.Deploy.0 = Release|Any CPU
	EndGlobalSection
	GlobalSection(SolutionProperties) = preSolution
		HideSolutionNode = FALSE
	EndGlobalSection
	GlobalSection(ExtensibilityGlobals) = postSolution
		SolutionGuid = {814E699E-631D-4F1D-8193-5F272FF63E89}
	EndGlobalSection
EndGlobal
